lockfileVersion: 5.4

specifiers:
  pnpm: ^7.6.0
  typescript: ^4.7.4
  yarn: ^1.22.19

devDependencies:
  pnpm: 7.6.0
  typescript: 4.7.4
  yarn: 1.22.19

packages:

  /pnpm/7.6.0:
    resolution: {integrity: sha512-pCFZ4OSM3M7JUHShnmk4Hlt9A8QDxLx+i+9kkK4g60YuYhhhD3oqBfWrHax0/XMDvr7GwK0fqFjA8iD8HlZ8Kw==}
    engines: {node: '>=14.6'}
    hasBin: true
    dev: true

  /typescript/4.7.4:
    resolution: {integrity: sha512-C0WQT0gezHuw6AdY1M2jxUO83Rjf0HP7Sk1DtXj6j1EwkQNZrHAg2XPWlq62oqEhYvONq5pkC2Y9oPljWToLmQ==}
    engines: {node: '>=4.2.0'}
    hasBin: true
    dev: true

  /yarn/1.22.19:
    resolution: {integrity: sha512-/0V5q0WbslqnwP91tirOvldvYISzaqhClxzyUKXYxs07yUILIs5jx/k6CFe8bvKSkds5w+eiOqta39Wk3WxdcQ==}
    engines: {node: '>=4.0.0'}
    hasBin: true
    requiresBuild: true
    dev: true
