lockfileVersion: 5.3

specifiers:
  chain: ^0.1.3
  husky: ^7.0.2
  pnpm: ^6.29.1
  workspaces: ^0.1.0

dependencies:
  chain: 0.1.3
  pnpm: 6.29.1
  workspaces: 0.1.0

devDependencies:
  husky: 7.0.4

packages:

  /chain/0.1.3:
    resolution: {integrity: sha1-xzDyd4EmCjGqAQhQrdZfk29JfjA=}
    engines: {node: '>=0.2.5'}
    dev: false

  /husky/7.0.4:
    resolution: {integrity: sha512-vbaCKN2QLtP/vD4yvs6iz6hBEo6wkSzs8HpRah1Z6aGmF2KW5PdYuAd7uX5a+OyBZHBhd+TFLqgjUgytQr4RvQ==}
    engines: {node: '>=12'}
    hasBin: true
    dev: true

  /pnpm/6.29.1:
    resolution: {integrity: sha512-ZOTHREJQSwLgK9psbH+BxGFY6Wvky4XYBYTZsULihuj1GPEsGcRZpxFgkX73OdLrYaZBeGMPadCYqGeK5gZu1A==}
    engines: {node: '>=12.17'}
    hasBin: true
    dev: false

  /workspaces/0.1.0:
    resolution: {integrity: sha1-8LzZTulLhOLY8GCZEkWyKuLTiQE=}
    engines: {node: '>=4.0.0'}
    hasBin: true
    dev: false
