# THIS IS AN AUTOGENERATED FILE. DO NOT EDIT THIS FILE DIRECTLY.
# yarn lockfile v1
chain@^0.1.3:
  version "0.1.3"
  resolved "https://registry.yarnpkg.com/chain/-/chain-0.1.3.tgz#c730f27781260a31aa010850add65f936f497e30"

husky@^7.0.2:
  version "7.0.4"
  resolved "https://registry.yarnpkg.com/husky/-/husky-7.0.4.tgz#242048245dc49c8fb1bf0cc7cfb98dd722531535"

pnpm@^6.29.1:
  version "6.29.1"
  resolved "https://registry.yarnpkg.com/pnpm/-/pnpm-6.29.1.tgz#1ebb32a99de19b38d82432d779a526b67df4410f"

workspaces@^0.1.0:
  version "0.1.0"
  resolved "https://registry.yarnpkg.com/workspaces/-/workspaces-0.1.0.tgz#f0bcd94ee94b84e2d8f060991245b22ae2d38901"

